{
  "name": "photonvision",
  "lockfileVersion": 3,
  "requires": true,
  "packages": {
    "": {
      "dependencies": {
        "pnpm": "^11.0.8"
      }
    },
    "node_modules/pnpm": {
      "version": "11.0.8",
      "resolved": "https://registry.npmjs.org/pnpm/-/pnpm-11.0.8.tgz",
      "integrity": "sha512-TECX4d0tQjcsTn+lp5H/KPx1pITHrBkuZLHfD97xdZS6mC+bT+2a37PHV4RvVlt5mydj+zcz0d4by4LPRmhJEg==",
      "license": "MIT",
      "bin": {
        "pn": "bin/pnpm.mjs",
        "pnpm": "bin/pnpm.mjs",
        "pnpx": "bin/pnpx.mjs",
        "pnx": "bin/pnpx.mjs"
      },
      "engines": {
        "node": ">=22.13"
      },
      "funding": {
        "url": "https://opencollective.com/pnpm"
      }
    }
  }
}
